
Microsoft Visual Studio Solution File, Format Version 12.00
# Visual Studio Version 17
VisualStudioVersion = 17.1.32104.313
MinimumVisualStudioVersion = 10.0.40219.1
Project("{FAE04EC0-301F-11D3-BF4B-00C04F79EFBC}") = "ConsoleApp2", "ConsoleApp2\ConsoleApp2.csproj", "{DF1BE424-EF87-4801-8FA5-B0FDD9FAC2C8}"
EndProject
Global
	GlobalSection(SolutionConfigurationPlatforms) = preSolution
		Debug|Any CPU = Debug|Any CPU
		Release|Any CPU = Release|Any CPU
	EndGlobalSection
	GlobalSection(ProjectConfigurationPlatforms) = postSolution
		{DF1BE424-EF87-4801-8FA5-B0FDD9FAC2C8}.Debug|Any CPU.ActiveCfg = Debug|Any CPU
		{DF1BE424-EF87-4801-8FA5-B0FDD9FAC2C8}.Debug|Any CPU.Build.0 = Debug|Any CPU
		{DF1BE424-EF87-4801-8FA5-B0FDD9FAC2C8}.Release|Any CPU.ActiveCfg = Release|Any CPU
		{DF1BE424-EF87-4801-8FA5-B0FDD9FAC2C8}.Release|Any CPU.Build.0 = Release|Any CPU
	EndGlobalSection
	GlobalSection(SolutionProperties) = preSolution
		HideSolutionNode = FALSE
	EndGlobalSection
	GlobalSection(ExtensibilityGlobals) = postSolution
		SolutionGuid = {5C22348D-138C-4D51-B9DC-4D5D1C9DE9EF}
	EndGlobalSection
EndGlobal
