
Microsoft Visual Studio Solution File, Format Version 12.00
# Visual Studio Version 17
VisualStudioVersion = 17.1.32104.313
MinimumVisualStudioVersion = 10.0.40219.1
Project("{FAE04EC0-301F-11D3-BF4B-00C04F79EFBC}") = "Employee_Management_System_Practice", "Employee_Management_System_Practice\Employee_Management_System_Practice.csproj", "{0212F011-926F-412D-8CD4-41071F7F8830}"
EndProject
Global
	GlobalSection(SolutionConfigurationPlatforms) = preSolution
		Debug|Any CPU = Debug|Any CPU
		Release|Any CPU = Release|Any CPU
	EndGlobalSection
	GlobalSection(ProjectConfigurationPlatforms) = postSolution
		{0212F011-926F-412D-8CD4-41071F7F8830}.Debug|Any CPU.ActiveCfg = Debug|Any CPU
		{0212F011-926F-412D-8CD4-41071F7F8830}.Debug|Any CPU.Build.0 = Debug|Any CPU
		{0212F011-926F-412D-8CD4-41071F7F8830}.Release|Any CPU.ActiveCfg = Release|Any CPU
		{0212F011-926F-412D-8CD4-41071F7F8830}.Release|Any CPU.Build.0 = Release|Any CPU
	EndGlobalSection
	GlobalSection(SolutionProperties) = preSolution
		HideSolutionNode = FALSE
	EndGlobalSection
	GlobalSection(ExtensibilityGlobals) = postSolution
		SolutionGuid = {31A9C0A8-5031-4124-BD30-94082892AABA}
	EndGlobalSection
EndGlobal
