
Microsoft Visual Studio Solution File, Format Version 12.00
# Visual Studio Version 17
VisualStudioVersion = 17.1.32104.313
MinimumVisualStudioVersion = 10.0.40219.1
Project("{9A19103F-16F7-4668-BE54-9A1E7A4F7556}") = "Linq_Assignment_5", "Linq_Assignment_5\Linq_Assignment_5.csproj", "{47EDBBD4-D45F-4388-9A7E-5E3552D1EEFD}"
EndProject
Project("{FAE04EC0-301F-11D3-BF4B-00C04F79EFBC}") = "Linq_Join", "Linq_Join\Linq_Join.csproj", "{27409EDC-2A11-4CA6-8591-E71690ADFDF8}"
EndProject
Global
	GlobalSection(SolutionConfigurationPlatforms) = preSolution
		Debug|Any CPU = Debug|Any CPU
		Release|Any CPU = Release|Any CPU
	EndGlobalSection
	GlobalSection(ProjectConfigurationPlatforms) = postSolution
		{47EDBBD4-D45F-4388-9A7E-5E3552D1EEFD}.Debug|Any CPU.ActiveCfg = Debug|Any CPU
		{47EDBBD4-D45F-4388-9A7E-5E3552D1EEFD}.Debug|Any CPU.Build.0 = Debug|Any CPU
		{47EDBBD4-D45F-4388-9A7E-5E3552D1EEFD}.Release|Any CPU.ActiveCfg = Release|Any CPU
		{47EDBBD4-D45F-4388-9A7E-5E3552D1EEFD}.Release|Any CPU.Build.0 = Release|Any CPU
		{27409EDC-2A11-4CA6-8591-E71690ADFDF8}.Debug|Any CPU.ActiveCfg = Debug|Any CPU
		{27409EDC-2A11-4CA6-8591-E71690ADFDF8}.Debug|Any CPU.Build.0 = Debug|Any CPU
		{27409EDC-2A11-4CA6-8591-E71690ADFDF8}.Release|Any CPU.ActiveCfg = Release|Any CPU
		{27409EDC-2A11-4CA6-8591-E71690ADFDF8}.Release|Any CPU.Build.0 = Release|Any CPU
	EndGlobalSection
	GlobalSection(SolutionProperties) = preSolution
		HideSolutionNode = FALSE
	EndGlobalSection
	GlobalSection(ExtensibilityGlobals) = postSolution
		SolutionGuid = {93685421-368B-4E3E-88F3-31B712C5AF33}
	EndGlobalSection
EndGlobal
