
Microsoft Visual Studio Solution File, Format Version 12.00
# Visual Studio Version 17
VisualStudioVersion = 17.1.32104.313
MinimumVisualStudioVersion = 10.0.40219.1
Project("{FAE04EC0-301F-11D3-BF4B-00C04F79EFBC}") = "CS_Thread_Basic", "CS_Thread_Basic\CS_Thread_Basic.csproj", "{7A5E7AF6-97C4-4797-82A3-7B3CD39C160F}"
EndProject
Project("{FAE04EC0-301F-11D3-BF4B-00C04F79EFBC}") = "CS_Thread_24_FEb", "CS_Thread_24_FEb\CS_Thread_24_FEb.csproj", "{0AE54BF5-250B-4EB0-8308-A93BD801F4C2}"
EndProject
Project("{FAE04EC0-301F-11D3-BF4B-00C04F79EFBC}") = "CS_Task", "CS_Task\CS_Task.csproj", "{756CB6AD-4E00-4A8F-9DC9-85B286CF7538}"
EndProject
Global
	GlobalSection(SolutionConfigurationPlatforms) = preSolution
		Debug|Any CPU = Debug|Any CPU
		Release|Any CPU = Release|Any CPU
	EndGlobalSection
	GlobalSection(ProjectConfigurationPlatforms) = postSolution
		{7A5E7AF6-97C4-4797-82A3-7B3CD39C160F}.Debug|Any CPU.ActiveCfg = Debug|Any CPU
		{7A5E7AF6-97C4-4797-82A3-7B3CD39C160F}.Debug|Any CPU.Build.0 = Debug|Any CPU
		{7A5E7AF6-97C4-4797-82A3-7B3CD39C160F}.Release|Any CPU.ActiveCfg = Release|Any CPU
		{7A5E7AF6-97C4-4797-82A3-7B3CD39C160F}.Release|Any CPU.Build.0 = Release|Any CPU
		{0AE54BF5-250B-4EB0-8308-A93BD801F4C2}.Debug|Any CPU.ActiveCfg = Debug|Any CPU
		{0AE54BF5-250B-4EB0-8308-A93BD801F4C2}.Debug|Any CPU.Build.0 = Debug|Any CPU
		{0AE54BF5-250B-4EB0-8308-A93BD801F4C2}.Release|Any CPU.ActiveCfg = Release|Any CPU
		{0AE54BF5-250B-4EB0-8308-A93BD801F4C2}.Release|Any CPU.Build.0 = Release|Any CPU
		{756CB6AD-4E00-4A8F-9DC9-85B286CF7538}.Debug|Any CPU.ActiveCfg = Debug|Any CPU
		{756CB6AD-4E00-4A8F-9DC9-85B286CF7538}.Debug|Any CPU.Build.0 = Debug|Any CPU
		{756CB6AD-4E00-4A8F-9DC9-85B286CF7538}.Release|Any CPU.ActiveCfg = Release|Any CPU
		{756CB6AD-4E00-4A8F-9DC9-85B286CF7538}.Release|Any CPU.Build.0 = Release|Any CPU
	EndGlobalSection
	GlobalSection(SolutionProperties) = preSolution
		HideSolutionNode = FALSE
	EndGlobalSection
	GlobalSection(ExtensibilityGlobals) = postSolution
		SolutionGuid = {2213412A-09F8-41B1-9848-421BAB7699F8}
	EndGlobalSection
EndGlobal
