
Microsoft Visual Studio Solution File, Format Version 12.00
# Visual Studio Version 17
VisualStudioVersion = 17.1.32104.313
MinimumVisualStudioVersion = 10.0.40219.1
Project("{FAE04EC0-301F-11D3-BF4B-00C04F79EFBC}") = "EMS_Updated", "EMS_Updated\EMS_Updated.csproj", "{C35F07DB-5BAE-40E0-95A3-BECAB9A310BA}"
EndProject
Global
	GlobalSection(SolutionConfigurationPlatforms) = preSolution
		Debug|Any CPU = Debug|Any CPU
		Release|Any CPU = Release|Any CPU
	EndGlobalSection
	GlobalSection(ProjectConfigurationPlatforms) = postSolution
		{C35F07DB-5BAE-40E0-95A3-BECAB9A310BA}.Debug|Any CPU.ActiveCfg = Debug|Any CPU
		{C35F07DB-5BAE-40E0-95A3-BECAB9A310BA}.Debug|Any CPU.Build.0 = Debug|Any CPU
		{C35F07DB-5BAE-40E0-95A3-BECAB9A310BA}.Release|Any CPU.ActiveCfg = Release|Any CPU
		{C35F07DB-5BAE-40E0-95A3-BECAB9A310BA}.Release|Any CPU.Build.0 = Release|Any CPU
	EndGlobalSection
	GlobalSection(SolutionProperties) = preSolution
		HideSolutionNode = FALSE
	EndGlobalSection
	GlobalSection(ExtensibilityGlobals) = postSolution
		SolutionGuid = {F01D6901-1168-4923-A8BB-88C672ED5EED}
	EndGlobalSection
EndGlobal
