
Microsoft Visual Studio Solution File, Format Version 12.00
# Visual Studio Version 17
VisualStudioVersion = 17.1.32104.313
MinimumVisualStudioVersion = 10.0.40219.1
Project("{FAE04EC0-301F-11D3-BF4B-00C04F79EFBC}") = "String_Switch", "String_Switch\String_Switch.csproj", "{A6969ED9-4169-4B54-93A4-226E881F6BAC}"
EndProject
Project("{FAE04EC0-301F-11D3-BF4B-00C04F79EFBC}") = "CS.Assignment2", "CS.Assignment2\CS.Assignment2.csproj", "{5868D6D2-3562-4A52-9327-8AD0EE6FCAD4}"
EndProject
Project("{FAE04EC0-301F-11D3-BF4B-00C04F79EFBC}") = "CS_Practice", "CS_Practice\CS_Practice.csproj", "{94E0AD8D-7DF3-4996-93FD-F75611702042}"
EndProject
Global
	GlobalSection(SolutionConfigurationPlatforms) = preSolution
		Debug|Any CPU = Debug|Any CPU
		Release|Any CPU = Release|Any CPU
	EndGlobalSection
	GlobalSection(ProjectConfigurationPlatforms) = postSolution
		{A6969ED9-4169-4B54-93A4-226E881F6BAC}.Debug|Any CPU.ActiveCfg = Debug|Any CPU
		{A6969ED9-4169-4B54-93A4-226E881F6BAC}.Debug|Any CPU.Build.0 = Debug|Any CPU
		{A6969ED9-4169-4B54-93A4-226E881F6BAC}.Release|Any CPU.ActiveCfg = Release|Any CPU
		{A6969ED9-4169-4B54-93A4-226E881F6BAC}.Release|Any CPU.Build.0 = Release|Any CPU
		{5868D6D2-3562-4A52-9327-8AD0EE6FCAD4}.Debug|Any CPU.ActiveCfg = Debug|Any CPU
		{5868D6D2-3562-4A52-9327-8AD0EE6FCAD4}.Debug|Any CPU.Build.0 = Debug|Any CPU
		{5868D6D2-3562-4A52-9327-8AD0EE6FCAD4}.Release|Any CPU.ActiveCfg = Release|Any CPU
		{5868D6D2-3562-4A52-9327-8AD0EE6FCAD4}.Release|Any CPU.Build.0 = Release|Any CPU
		{94E0AD8D-7DF3-4996-93FD-F75611702042}.Debug|Any CPU.ActiveCfg = Debug|Any CPU
		{94E0AD8D-7DF3-4996-93FD-F75611702042}.Debug|Any CPU.Build.0 = Debug|Any CPU
		{94E0AD8D-7DF3-4996-93FD-F75611702042}.Release|Any CPU.ActiveCfg = Release|Any CPU
		{94E0AD8D-7DF3-4996-93FD-F75611702042}.Release|Any CPU.Build.0 = Release|Any CPU
	EndGlobalSection
	GlobalSection(SolutionProperties) = preSolution
		HideSolutionNode = FALSE
	EndGlobalSection
	GlobalSection(ExtensibilityGlobals) = postSolution
		SolutionGuid = {8BFE05D7-0852-4C82-B744-50A8CADEC3B9}
	EndGlobalSection
EndGlobal
