
Microsoft Visual Studio Solution File, Format Version 12.00
# Visual Studio Version 17
VisualStudioVersion = 17.1.32104.313
MinimumVisualStudioVersion = 10.0.40219.1
Project("{FAE04EC0-301F-11D3-BF4B-00C04F79EFBC}") = "CS_OOPsApp.Models", "CS_OOPsApp.Models\CS_OOPsApp.Models.csproj", "{A1E8B288-A6EE-458C-9683-669F97427BB0}"
EndProject
Global
	GlobalSection(SolutionConfigurationPlatforms) = preSolution
		Debug|Any CPU = Debug|Any CPU
		Release|Any CPU = Release|Any CPU
	EndGlobalSection
	GlobalSection(ProjectConfigurationPlatforms) = postSolution
		{A1E8B288-A6EE-458C-9683-669F97427BB0}.Debug|Any CPU.ActiveCfg = Debug|Any CPU
		{A1E8B288-A6EE-458C-9683-669F97427BB0}.Debug|Any CPU.Build.0 = Debug|Any CPU
		{A1E8B288-A6EE-458C-9683-669F97427BB0}.Release|Any CPU.ActiveCfg = Release|Any CPU
		{A1E8B288-A6EE-458C-9683-669F97427BB0}.Release|Any CPU.Build.0 = Release|Any CPU
	EndGlobalSection
	GlobalSection(SolutionProperties) = preSolution
		HideSolutionNode = FALSE
	EndGlobalSection
	GlobalSection(ExtensibilityGlobals) = postSolution
		SolutionGuid = {E5B2150B-E2E9-43B8-84AA-D578B6898A93}
	EndGlobalSection
EndGlobal
