
Microsoft Visual Studio Solution File, Format Version 12.00
# Visual Studio Version 17
VisualStudioVersion = 17.1.32104.313
MinimumVisualStudioVersion = 10.0.40219.1
Project("{9A19103F-16F7-4668-BE54-9A1E7A4F7556}") = "Practice_Codes", "Practice_Codes\Practice_Codes.csproj", "{470631B9-E526-4C2A-8B45-DE1E57A8C11E}"
EndProject
Project("{9A19103F-16F7-4668-BE54-9A1E7A4F7556}") = "Swaping", "Swaping\Swaping.csproj", "{09D5007C-01A8-4D1E-973F-BC6C8FAF6516}"
EndProject
Project("{FAE04EC0-301F-11D3-BF4B-00C04F79EFBC}") = "Employee_Management", "Employee_Management\Employee_Management.csproj", "{2F3F6427-3437-4430-A03B-290C61FF80B4}"
EndProject
Global
	GlobalSection(SolutionConfigurationPlatforms) = preSolution
		Debug|Any CPU = Debug|Any CPU
		Release|Any CPU = Release|Any CPU
	EndGlobalSection
	GlobalSection(ProjectConfigurationPlatforms) = postSolution
		{470631B9-E526-4C2A-8B45-DE1E57A8C11E}.Debug|Any CPU.ActiveCfg = Debug|Any CPU
		{470631B9-E526-4C2A-8B45-DE1E57A8C11E}.Debug|Any CPU.Build.0 = Debug|Any CPU
		{470631B9-E526-4C2A-8B45-DE1E57A8C11E}.Release|Any CPU.ActiveCfg = Release|Any CPU
		{470631B9-E526-4C2A-8B45-DE1E57A8C11E}.Release|Any CPU.Build.0 = Release|Any CPU
		{09D5007C-01A8-4D1E-973F-BC6C8FAF6516}.Debug|Any CPU.ActiveCfg = Debug|Any CPU
		{09D5007C-01A8-4D1E-973F-BC6C8FAF6516}.Debug|Any CPU.Build.0 = Debug|Any CPU
		{09D5007C-01A8-4D1E-973F-BC6C8FAF6516}.Release|Any CPU.ActiveCfg = Release|Any CPU
		{09D5007C-01A8-4D1E-973F-BC6C8FAF6516}.Release|Any CPU.Build.0 = Release|Any CPU
		{2F3F6427-3437-4430-A03B-290C61FF80B4}.Debug|Any CPU.ActiveCfg = Debug|Any CPU
		{2F3F6427-3437-4430-A03B-290C61FF80B4}.Debug|Any CPU.Build.0 = Debug|Any CPU
		{2F3F6427-3437-4430-A03B-290C61FF80B4}.Release|Any CPU.ActiveCfg = Release|Any CPU
		{2F3F6427-3437-4430-A03B-290C61FF80B4}.Release|Any CPU.Build.0 = Release|Any CPU
	EndGlobalSection
	GlobalSection(SolutionProperties) = preSolution
		HideSolutionNode = FALSE
	EndGlobalSection
	GlobalSection(ExtensibilityGlobals) = postSolution
		SolutionGuid = {E5763636-27F6-4354-8A20-48DEA861FCCF}
	EndGlobalSection
EndGlobal
