
Microsoft Visual Studio Solution File, Format Version 12.00
# Visual Studio Version 17
VisualStudioVersion = 17.1.32104.313
MinimumVisualStudioVersion = 10.0.40219.1
Project("{9A19103F-16F7-4668-BE54-9A1E7A4F7556}") = "Generic_Collection_List", "Generic_Collection_List\Generic_Collection_List.csproj", "{7863598D-4406-49C6-9AD6-10C58843B433}"
EndProject
Project("{FAE04EC0-301F-11D3-BF4B-00C04F79EFBC}") = "Generic_Collection_Dictionary", "Generic_Collection_Dictionary\Generic_Collection_Dictionary.csproj", "{5517D21E-C006-4191-A7E0-838C64F02FB9}"
EndProject
Global
	GlobalSection(SolutionConfigurationPlatforms) = preSolution
		Debug|Any CPU = Debug|Any CPU
		Release|Any CPU = Release|Any CPU
	EndGlobalSection
	GlobalSection(ProjectConfigurationPlatforms) = postSolution
		{7863598D-4406-49C6-9AD6-10C58843B433}.Debug|Any CPU.ActiveCfg = Debug|Any CPU
		{7863598D-4406-49C6-9AD6-10C58843B433}.Debug|Any CPU.Build.0 = Debug|Any CPU
		{7863598D-4406-49C6-9AD6-10C58843B433}.Release|Any CPU.ActiveCfg = Release|Any CPU
		{7863598D-4406-49C6-9AD6-10C58843B433}.Release|Any CPU.Build.0 = Release|Any CPU
		{5517D21E-C006-4191-A7E0-838C64F02FB9}.Debug|Any CPU.ActiveCfg = Debug|Any CPU
		{5517D21E-C006-4191-A7E0-838C64F02FB9}.Debug|Any CPU.Build.0 = Debug|Any CPU
		{5517D21E-C006-4191-A7E0-838C64F02FB9}.Release|Any CPU.ActiveCfg = Release|Any CPU
		{5517D21E-C006-4191-A7E0-838C64F02FB9}.Release|Any CPU.Build.0 = Release|Any CPU
	EndGlobalSection
	GlobalSection(SolutionProperties) = preSolution
		HideSolutionNode = FALSE
	EndGlobalSection
	GlobalSection(ExtensibilityGlobals) = postSolution
		SolutionGuid = {FA5A8078-C46D-4292-ABB8-BEE6439838D7}
	EndGlobalSection
EndGlobal
