
Microsoft Visual Studio Solution File, Format Version 12.00
# Visual Studio Version 17
VisualStudioVersion = 17.1.32104.313
MinimumVisualStudioVersion = 10.0.40219.1
Project("{FAE04EC0-301F-11D3-BF4B-00C04F79EFBC}") = "Collection.Queue", "Collection.Queue\Collection.Queue.csproj", "{46E47B76-D659-4B58-9302-3AE4808F45E5}"
EndProject
Global
	GlobalSection(SolutionConfigurationPlatforms) = preSolution
		Debug|Any CPU = Debug|Any CPU
		Release|Any CPU = Release|Any CPU
	EndGlobalSection
	GlobalSection(ProjectConfigurationPlatforms) = postSolution
		{46E47B76-D659-4B58-9302-3AE4808F45E5}.Debug|Any CPU.ActiveCfg = Debug|Any CPU
		{46E47B76-D659-4B58-9302-3AE4808F45E5}.Debug|Any CPU.Build.0 = Debug|Any CPU
		{46E47B76-D659-4B58-9302-3AE4808F45E5}.Release|Any CPU.ActiveCfg = Release|Any CPU
		{46E47B76-D659-4B58-9302-3AE4808F45E5}.Release|Any CPU.Build.0 = Release|Any CPU
	EndGlobalSection
	GlobalSection(SolutionProperties) = preSolution
		HideSolutionNode = FALSE
	EndGlobalSection
	GlobalSection(ExtensibilityGlobals) = postSolution
		SolutionGuid = {C3D3314E-AF51-4DF8-AFC7-FD7857679920}
	EndGlobalSection
EndGlobal
