
Microsoft Visual Studio Solution File, Format Version 12.00
# Visual Studio Version 17
VisualStudioVersion = 17.1.32104.313
MinimumVisualStudioVersion = 10.0.40219.1
Project("{9A19103F-16F7-4668-BE54-9A1E7A4F7556}") = "Assignment_Linq", "Assignment_Linq\Assignment_Linq.csproj", "{81BF3964-08DF-4334-8837-1213E90078B3}"
EndProject
Project("{9A19103F-16F7-4668-BE54-9A1E7A4F7556}") = "Assignment_Linq1", "Assignment_Linq1\Assignment_Linq1.csproj", "{F7960310-F085-48D3-98F8-E9C5F92CFB37}"
EndProject
Project("{9A19103F-16F7-4668-BE54-9A1E7A4F7556}") = "Practice", "Practice\Practice.csproj", "{A1BBF475-2CB7-4312-8FCF-A98D815BE540}"
EndProject
Project("{FAE04EC0-301F-11D3-BF4B-00C04F79EFBC}") = "Linq_PracticeMethode", "Linq_PracticeMethode\Linq_PracticeMethode.csproj", "{79487FF2-D9FA-4B19-A20B-DD39BA9408D1}"
EndProject
Global
	GlobalSection(SolutionConfigurationPlatforms) = preSolution
		Debug|Any CPU = Debug|Any CPU
		Release|Any CPU = Release|Any CPU
	EndGlobalSection
	GlobalSection(ProjectConfigurationPlatforms) = postSolution
		{81BF3964-08DF-4334-8837-1213E90078B3}.Debug|Any CPU.ActiveCfg = Debug|Any CPU
		{81BF3964-08DF-4334-8837-1213E90078B3}.Debug|Any CPU.Build.0 = Debug|Any CPU
		{81BF3964-08DF-4334-8837-1213E90078B3}.Release|Any CPU.ActiveCfg = Release|Any CPU
		{81BF3964-08DF-4334-8837-1213E90078B3}.Release|Any CPU.Build.0 = Release|Any CPU
		{F7960310-F085-48D3-98F8-E9C5F92CFB37}.Debug|Any CPU.ActiveCfg = Debug|Any CPU
		{F7960310-F085-48D3-98F8-E9C5F92CFB37}.Debug|Any CPU.Build.0 = Debug|Any CPU
		{F7960310-F085-48D3-98F8-E9C5F92CFB37}.Release|Any CPU.ActiveCfg = Release|Any CPU
		{F7960310-F085-48D3-98F8-E9C5F92CFB37}.Release|Any CPU.Build.0 = Release|Any CPU
		{A1BBF475-2CB7-4312-8FCF-A98D815BE540}.Debug|Any CPU.ActiveCfg = Debug|Any CPU
		{A1BBF475-2CB7-4312-8FCF-A98D815BE540}.Debug|Any CPU.Build.0 = Debug|Any CPU
		{A1BBF475-2CB7-4312-8FCF-A98D815BE540}.Release|Any CPU.ActiveCfg = Release|Any CPU
		{A1BBF475-2CB7-4312-8FCF-A98D815BE540}.Release|Any CPU.Build.0 = Release|Any CPU
		{79487FF2-D9FA-4B19-A20B-DD39BA9408D1}.Debug|Any CPU.ActiveCfg = Debug|Any CPU
		{79487FF2-D9FA-4B19-A20B-DD39BA9408D1}.Debug|Any CPU.Build.0 = Debug|Any CPU
		{79487FF2-D9FA-4B19-A20B-DD39BA9408D1}.Release|Any CPU.ActiveCfg = Release|Any CPU
		{79487FF2-D9FA-4B19-A20B-DD39BA9408D1}.Release|Any CPU.Build.0 = Release|Any CPU
	EndGlobalSection
	GlobalSection(SolutionProperties) = preSolution
		HideSolutionNode = FALSE
	EndGlobalSection
	GlobalSection(ExtensibilityGlobals) = postSolution
		SolutionGuid = {F9C1776F-E714-460C-8F1F-B93DCE7482E4}
	EndGlobalSection
EndGlobal
